
Microsoft Visual Studio Solution File, Format Version 12.00
# Visual Studio 15
VisualStudioVersion = 15.0.27703.2047
MinimumVisualStudioVersion = 10.0.40219.1
Project("{FAE04EC0-301F-11D3-BF4B-00C04F79EFBC}") = "RssFeedReaderv1.0", "RssFeedReaderv1.0\RssFeedReaderv1.0.csproj", "{3AC0F749-43D8-411A-A727-9C9890B1FB83}"
EndProject
Global
	GlobalSection(SolutionConfigurationPlatforms) = preSolution
		Debug|Any CPU = Debug|Any CPU
		Release|Any CPU = Release|Any CPU
	EndGlobalSection
	GlobalSection(ProjectConfigurationPlatforms) = postSolution
		{3AC0F749-43D8-411A-A727-9C9890B1FB83}.Debug|Any CPU.ActiveCfg = Debug|Any CPU
		{3AC0F749-43D8-411A-A727-9C9890B1FB83}.Debug|Any CPU.Build.0 = Debug|Any CPU
		{3AC0F749-43D8-411A-A727-9C9890B1FB83}.Release|Any CPU.ActiveCfg = Release|Any CPU
		{3AC0F749-43D8-411A-A727-9C9890B1FB83}.Release|Any CPU.Build.0 = Release|Any CPU
	EndGlobalSection
	GlobalSection(SolutionProperties) = preSolution
		HideSolutionNode = FALSE
	EndGlobalSection
	GlobalSection(ExtensibilityGlobals) = postSolution
		SolutionGuid = {694D64B9-3871-4455-875F-39F7E1EB0E4E}
	EndGlobalSection
EndGlobal
